
Microsoft Visual Studio Solution File, Format Version 12.00
# Visual Studio Version 17
VisualStudioVersion = 17.9.34728.123
MinimumVisualStudioVersion = 10.0.40219.1
Project("{9A19103F-16F7-4668-BE54-9A1E7A4F7556}") = "Database", "Database\Database.csproj", "{7B1B1524-9A14-4A4B-9A3E-B9FC9A81BA7D}"
EndProject
Project("{9A19103F-16F7-4668-BE54-9A1E7A4F7556}") = "DataLibrary", "DataLibrary\DataLibrary.csproj", "{6E82FFD8-B102-44E0-A474-FC0D18BCD12E}"
EndProject
Project("{9A19103F-16F7-4668-BE54-9A1E7A4F7556}") = "RpDemoApp", "RpDemoApp\RpDemoApp.csproj", "{1E3081ED-0246-490B-BDA8-6D460BBD8950}"
EndProject
Project("{9A19103F-16F7-4668-BE54-9A1E7A4F7556}") = "MvcDemoApp", "MvcDemoApp\MvcDemoApp.csproj", "{EFE5C062-9FE5-433A-81E0-175275006DA7}"
EndProject
Project("{9A19103F-16F7-4668-BE54-9A1E7A4F7556}") = "ApiDemoApp", "ApiDemoApp\ApiDemoApp.csproj", "{DDCFF410-1022-4A00-B82E-EC622B8B7B96}"
EndProject
Project("{9A19103F-16F7-4668-BE54-9A1E7A4F7556}") = "BlazorServerDemoApp", "BlazorServerDemoApp\BlazorServerDemoApp.csproj", "{D7B729CA-4F44-4D61-AA67-129DD816A890}"
EndProject
Project("{9A19103F-16F7-4668-BE54-9A1E7A4F7556}") = "BlazorClientDemoApp", "BlazorClientDemoApp\BlazorClientDemoApp.csproj", "{F2A0269E-1102-4EEA-B9DA-F84D15DC48B9}"
EndProject
Global
	GlobalSection(SolutionConfigurationPlatforms) = preSolution
		Debug|Any CPU = Debug|Any CPU
		Release|Any CPU = Release|Any CPU
	EndGlobalSection
	GlobalSection(ProjectConfigurationPlatforms) = postSolution
		{7B1B1524-9A14-4A4B-9A3E-B9FC9A81BA7D}.Debug|Any CPU.ActiveCfg = Debug|Any CPU
		{7B1B1524-9A14-4A4B-9A3E-B9FC9A81BA7D}.Debug|Any CPU.Build.0 = Debug|Any CPU
		{7B1B1524-9A14-4A4B-9A3E-B9FC9A81BA7D}.Release|Any CPU.ActiveCfg = Release|Any CPU
		{7B1B1524-9A14-4A4B-9A3E-B9FC9A81BA7D}.Release|Any CPU.Build.0 = Release|Any CPU
		{6E82FFD8-B102-44E0-A474-FC0D18BCD12E}.Debug|Any CPU.ActiveCfg = Debug|Any CPU
		{6E82FFD8-B102-44E0-A474-FC0D18BCD12E}.Debug|Any CPU.Build.0 = Debug|Any CPU
		{6E82FFD8-B102-44E0-A474-FC0D18BCD12E}.Release|Any CPU.ActiveCfg = Release|Any CPU
		{6E82FFD8-B102-44E0-A474-FC0D18BCD12E}.Release|Any CPU.Build.0 = Release|Any CPU
		{1E3081ED-0246-490B-BDA8-6D460BBD8950}.Debug|Any CPU.ActiveCfg = Debug|Any CPU
		{1E3081ED-0246-490B-BDA8-6D460BBD8950}.Debug|Any CPU.Build.0 = Debug|Any CPU
		{1E3081ED-0246-490B-BDA8-6D460BBD8950}.Release|Any CPU.ActiveCfg = Release|Any CPU
		{1E3081ED-0246-490B-BDA8-6D460BBD8950}.Release|Any CPU.Build.0 = Release|Any CPU
		{EFE5C062-9FE5-433A-81E0-175275006DA7}.Debug|Any CPU.ActiveCfg = Debug|Any CPU
		{EFE5C062-9FE5-433A-81E0-175275006DA7}.Debug|Any CPU.Build.0 = Debug|Any CPU
		{EFE5C062-9FE5-433A-81E0-175275006DA7}.Release|Any CPU.ActiveCfg = Release|Any CPU
		{EFE5C062-9FE5-433A-81E0-175275006DA7}.Release|Any CPU.Build.0 = Release|Any CPU
		{DDCFF410-1022-4A00-B82E-EC622B8B7B96}.Debug|Any CPU.ActiveCfg = Debug|Any CPU
		{DDCFF410-1022-4A00-B82E-EC622B8B7B96}.Debug|Any CPU.Build.0 = Debug|Any CPU
		{DDCFF410-1022-4A00-B82E-EC622B8B7B96}.Release|Any CPU.ActiveCfg = Release|Any CPU
		{DDCFF410-1022-4A00-B82E-EC622B8B7B96}.Release|Any CPU.Build.0 = Release|Any CPU
		{D7B729CA-4F44-4D61-AA67-129DD816A890}.Debug|Any CPU.ActiveCfg = Debug|Any CPU
		{D7B729CA-4F44-4D61-AA67-129DD816A890}.Debug|Any CPU.Build.0 = Debug|Any CPU
		{D7B729CA-4F44-4D61-AA67-129DD816A890}.Release|Any CPU.ActiveCfg = Release|Any CPU
		{D7B729CA-4F44-4D61-AA67-129DD816A890}.Release|Any CPU.Build.0 = Release|Any CPU
		{F2A0269E-1102-4EEA-B9DA-F84D15DC48B9}.Debug|Any CPU.ActiveCfg = Debug|Any CPU
		{F2A0269E-1102-4EEA-B9DA-F84D15DC48B9}.Debug|Any CPU.Build.0 = Debug|Any CPU
		{F2A0269E-1102-4EEA-B9DA-F84D15DC48B9}.Release|Any CPU.ActiveCfg = Release|Any CPU
		{F2A0269E-1102-4EEA-B9DA-F84D15DC48B9}.Release|Any CPU.Build.0 = Release|Any CPU
	EndGlobalSection
	GlobalSection(SolutionProperties) = preSolution
		HideSolutionNode = FALSE
	EndGlobalSection
	GlobalSection(ExtensibilityGlobals) = postSolution
		SolutionGuid = {11832417-9775-46C7-828F-F2CD5E57B05E}
	EndGlobalSection
EndGlobal
